// !$*UTF8*$!
{
	archiveVersion = 1;
	classes = {
	};
	objectVersion = 56;
	objects = {

/* Begin PBXBuildFile section */
		810A1F082BC1048D00D12000 /* TranslationAppApp.swift in Sources */ = {isa = PBXBuildFile; fileRef = 810A1F072BC1048D00D12000 /* TranslationAppApp.swift */; };
		810A1F0A2BC1048D00D12000 /* ContentView.swift in Sources */ = {isa = PBXBuildFile; fileRef = 810A1F092BC1048D00D12000 /* ContentView.swift */; };
		810A1F0C2BC1048E00D12000 /* Assets.xcassets in Resources */ = {isa = PBXBuildFile; fileRef = 810A1F0B2BC1048E00D12000 /* Assets.xcassets */; };
		810A1F0F2BC1048E00D12000 /* Preview Assets.xcassets in Resources */ = {isa = PBXBuildFile; fileRef = 810A1F0E2BC1048E00D12000 /* Preview Assets.xcassets */; };
		810A1F172BC105A800D12000 /* FirebaseAnalytics in Frameworks */ = {isa = PBXBuildFile; productRef = 810A1F162BC105A800D12000 /* FirebaseAnalytics */; };
		810A1F192BC105A800D12000 /* FirebaseAnalyticsOnDeviceConversion in Frameworks */ = {isa = PBXBuildFile; productRef = 810A1F182BC105A800D12000 /* FirebaseAnalyticsOnDeviceConversion */; };
		810A1F1B2BC105A800D12000 /* FirebaseAnalyticsSwift in Frameworks */ = {isa = PBXBuildFile; productRef = 810A1F1A2BC105A800D12000 /* FirebaseAnalyticsSwift */; };
		810A1F1D2BC105A800D12000 /* FirebaseAnalyticsWithoutAdIdSupport in Frameworks */ = {isa = PBXBuildFile; productRef = 810A1F1C2BC105A800D12000 /* FirebaseAnalyticsWithoutAdIdSupport */; };
		810A1F1F2BC105A800D12000 /* FirebaseAppCheck in Frameworks */ = {isa = PBXBuildFile; productRef = 810A1F1E2BC105A800D12000 /* FirebaseAppCheck */; };
		810A1F212BC105A800D12000 /* FirebaseAppDistribution-Beta in Frameworks */ = {isa = PBXBuildFile; productRef = 810A1F202BC105A800D12000 /* FirebaseAppDistribution-Beta */; };
		810A1F232BC105A800D12000 /* FirebaseAuth in Frameworks */ = {isa = PBXBuildFile; productRef = 810A1F222BC105A800D12000 /* FirebaseAuth */; };
		810A1F252BC105A800D12000 /* FirebaseAuthCombine-Community in Frameworks */ = {isa = PBXBuildFile; productRef = 810A1F242BC105A800D12000 /* FirebaseAuthCombine-Community */; };
		810A1F272BC105A800D12000 /* FirebaseCrashlytics in Frameworks */ = {isa = PBXBuildFile; productRef = 810A1F262BC105A800D12000 /* FirebaseCrashlytics */; };
		810A1F292BC105A800D12000 /* FirebaseDatabase in Frameworks */ = {isa = PBXBuildFile; productRef = 810A1F282BC105A800D12000 /* FirebaseDatabase */; };
		810A1F2B2BC105A800D12000 /* FirebaseDatabaseSwift in Frameworks */ = {isa = PBXBuildFile; productRef = 810A1F2A2BC105A800D12000 /* FirebaseDatabaseSwift */; };
		810A1F2D2BC105A800D12000 /* FirebaseDynamicLinks in Frameworks */ = {isa = PBXBuildFile; productRef = 810A1F2C2BC105A800D12000 /* FirebaseDynamicLinks */; };
		810A1F2F2BC105A800D12000 /* FirebaseFirestore in Frameworks */ = {isa = PBXBuildFile; productRef = 810A1F2E2BC105A800D12000 /* FirebaseFirestore */; };
		810A1F312BC105A800D12000 /* FirebaseFirestoreCombine-Community in Frameworks */ = {isa = PBXBuildFile; productRef = 810A1F302BC105A800D12000 /* FirebaseFirestoreCombine-Community */; };
		810A1F332BC105A800D12000 /* FirebaseFirestoreSwift in Frameworks */ = {isa = PBXBuildFile; productRef = 810A1F322BC105A800D12000 /* FirebaseFirestoreSwift */; };
		810A1F352BC105A800D12000 /* FirebaseFunctions in Frameworks */ = {isa = PBXBuildFile; productRef = 810A1F342BC105A800D12000 /* FirebaseFunctions */; };
		810A1F372BC105A800D12000 /* FirebaseFunctionsCombine-Community in Frameworks */ = {isa = PBXBuildFile; productRef = 810A1F362BC105A800D12000 /* FirebaseFunctionsCombine-Community */; };
		810A1F392BC105A800D12000 /* FirebaseInAppMessaging-Beta in Frameworks */ = {isa = PBXBuildFile; productRef = 810A1F382BC105A800D12000 /* FirebaseInAppMessaging-Beta */; };
		810A1F3B2BC105A800D12000 /* FirebaseInAppMessagingSwift-Beta in Frameworks */ = {isa = PBXBuildFile; productRef = 810A1F3A2BC105A800D12000 /* FirebaseInAppMessagingSwift-Beta */; };
		810A1F3D2BC105A800D12000 /* FirebaseInstallations in Frameworks */ = {isa = PBXBuildFile; productRef = 810A1F3C2BC105A800D12000 /* FirebaseInstallations */; };
		810A1F3F2BC105A800D12000 /* FirebaseMLModelDownloader in Frameworks */ = {isa = PBXBuildFile; productRef = 810A1F3E2BC105A800D12000 /* FirebaseMLModelDownloader */; };
		810A1F412BC105A800D12000 /* FirebaseMessaging in Frameworks */ = {isa = PBXBuildFile; productRef = 810A1F402BC105A800D12000 /* FirebaseMessaging */; };
		810A1F432BC105A800D12000 /* FirebasePerformance in Frameworks */ = {isa = PBXBuildFile; productRef = 810A1F422BC105A800D12000 /* FirebasePerformance */; };
		810A1F452BC105A800D12000 /* FirebaseRemoteConfig in Frameworks */ = {isa = PBXBuildFile; productRef = 810A1F442BC105A800D12000 /* FirebaseRemoteConfig */; };
		810A1F472BC105A800D12000 /* FirebaseRemoteConfigSwift in Frameworks */ = {isa = PBXBuildFile; productRef = 810A1F462BC105A800D12000 /* FirebaseRemoteConfigSwift */; };
		810A1F492BC105A800D12000 /* FirebaseStorage in Frameworks */ = {isa = PBXBuildFile; productRef = 810A1F482BC105A800D12000 /* FirebaseStorage */; };
		810A1F4B2BC105A800D12000 /* FirebaseStorageCombine-Community in Frameworks */ = {isa = PBXBuildFile; productRef = 810A1F4A2BC105A800D12000 /* FirebaseStorageCombine-Community */; };
		810A1F4D2BC1069300D12000 /* GoogleService-Info.plist in Resources */ = {isa = PBXBuildFile; fileRef = 810A1F4C2BC1069200D12000 /* GoogleService-Info.plist */; };
		810A1F4F2BC107B300D12000 /* FirestoreManager.swift in Sources */ = {isa = PBXBuildFile; fileRef = 810A1F4E2BC107B300D12000 /* FirestoreManager.swift */; };
		810A1F512BC107EE00D12000 /* Translation.swift in Sources */ = {isa = PBXBuildFile; fileRef = 810A1F502BC107EE00D12000 /* Translation.swift */; };
		810A1F532BC1089B00D12000 /* NetworkManager.swift in Sources */ = {isa = PBXBuildFile; fileRef = 810A1F522BC1089B00D12000 /* NetworkManager.swift */; };
		810A1F552BC10C7600D12000 /* TranslationHistoryView.swift in Sources */ = {isa = PBXBuildFile; fileRef = 810A1F542BC10C7600D12000 /* TranslationHistoryView.swift */; };
/* End PBXBuildFile section */

/* Begin PBXFileReference section */
		810A1F042BC1048D00D12000 /* TranslationApp.app */ = {isa = PBXFileReference; explicitFileType = wrapper.application; includeInIndex = 0; path = TranslationApp.app; sourceTree = BUILT_PRODUCTS_DIR; };
		810A1F072BC1048D00D12000 /* TranslationAppApp.swift */ = {isa = PBXFileReference; lastKnownFileType = sourcecode.swift; path = TranslationAppApp.swift; sourceTree = "<group>"; };
		810A1F092BC1048D00D12000 /* ContentView.swift */ = {isa = PBXFileReference; lastKnownFileType = sourcecode.swift; path = ContentView.swift; sourceTree = "<group>"; };
		810A1F0B2BC1048E00D12000 /* Assets.xcassets */ = {isa = PBXFileReference; lastKnownFileType = folder.assetcatalog; path = Assets.xcassets; sourceTree = "<group>"; };
		810A1F0E2BC1048E00D12000 /* Preview Assets.xcassets */ = {isa = PBXFileReference; lastKnownFileType = folder.assetcatalog; path = "Preview Assets.xcassets"; sourceTree = "<group>"; };
		810A1F4C2BC1069200D12000 /* GoogleService-Info.plist */ = {isa = PBXFileReference; fileEncoding = 4; lastKnownFileType = text.plist.xml; path = "GoogleService-Info.plist"; sourceTree = "<group>"; };
		810A1F4E2BC107B300D12000 /* FirestoreManager.swift */ = {isa = PBXFileReference; lastKnownFileType = sourcecode.swift; path = FirestoreManager.swift; sourceTree = "<group>"; };
		810A1F502BC107EE00D12000 /* Translation.swift */ = {isa = PBXFileReference; lastKnownFileType = sourcecode.swift; path = Translation.swift; sourceTree = "<group>"; };
		810A1F522BC1089B00D12000 /* NetworkManager.swift */ = {isa = PBXFileReference; lastKnownFileType = sourcecode.swift; path = NetworkManager.swift; sourceTree = "<group>"; };
		810A1F542BC10C7600D12000 /* TranslationHistoryView.swift */ = {isa = PBXFileReference; lastKnownFileType = sourcecode.swift; path = TranslationHistoryView.swift; sourceTree = "<group>"; };
/* End PBXFileReference section */

/* Begin PBXFrameworksBuildPhase section */
		810A1F012BC1048D00D12000 /* Frameworks */ = {
			isa = PBXFrameworksBuildPhase;
			buildActionMask = 2147483647;
			files = (
				810A1F292BC105A800D12000 /* FirebaseDatabase in Frameworks */,
				810A1F372BC105A800D12000 /* FirebaseFunctionsCombine-Community in Frameworks */,
				810A1F2F2BC105A800D12000 /* FirebaseFirestore in Frameworks */,
				810A1F1B2BC105A800D12000 /* FirebaseAnalyticsSwift in Frameworks */,
				810A1F172BC105A800D12000 /* FirebaseAnalytics in Frameworks */,
				810A1F192BC105A800D12000 /* FirebaseAnalyticsOnDeviceConversion in Frameworks */,
				810A1F3F2BC105A800D12000 /* FirebaseMLModelDownloader in Frameworks */,
				810A1F332BC105A800D12000 /* FirebaseFirestoreSwift in Frameworks */,
				810A1F1F2BC105A800D12000 /* FirebaseAppCheck in Frameworks */,
				810A1F1D2BC105A800D12000 /* FirebaseAnalyticsWithoutAdIdSupport in Frameworks */,
				810A1F232BC105A800D12000 /* FirebaseAuth in Frameworks */,
				810A1F272BC105A800D12000 /* FirebaseCrashlytics in Frameworks */,
				810A1F472BC105A800D12000 /* FirebaseRemoteConfigSwift in Frameworks */,
				810A1F392BC105A800D12000 /* FirebaseInAppMessaging-Beta in Frameworks */,
				810A1F2B2BC105A800D12000 /* FirebaseDatabaseSwift in Frameworks */,
				810A1F352BC105A800D12000 /* FirebaseFunctions in Frameworks */,
				810A1F4B2BC105A800D12000 /* FirebaseStorageCombine-Community in Frameworks */,
				810A1F452BC105A800D12000 /* FirebaseRemoteConfig in Frameworks */,
				810A1F212BC105A800D12000 /* FirebaseAppDistribution-Beta in Frameworks */,
				810A1F252BC105A800D12000 /* FirebaseAuthCombine-Community in Frameworks */,
				810A1F432BC105A800D12000 /* FirebasePerformance in Frameworks */,
				810A1F3B2BC105A800D12000 /* FirebaseInAppMessagingSwift-Beta in Frameworks */,
				810A1F492BC105A800D12000 /* FirebaseStorage in Frameworks */,
				810A1F2D2BC105A800D12000 /* FirebaseDynamicLinks in Frameworks */,
				810A1F312BC105A800D12000 /* FirebaseFirestoreCombine-Community in Frameworks */,
				810A1F412BC105A800D12000 /* FirebaseMessaging in Frameworks */,
				810A1F3D2BC105A800D12000 /* FirebaseInstallations in Frameworks */,
			);
			runOnlyForDeploymentPostprocessing = 0;
		};
/* End PBXFrameworksBuildPhase section */

/* Begin PBXGroup section */
		810A1EFB2BC1048D00D12000 = {
			isa = PBXGroup;
			children = (
				810A1F062BC1048D00D12000 /* TranslationApp */,
				810A1F052BC1048D00D12000 /* Products */,
			);
			sourceTree = "<group>";
		};
		810A1F052BC1048D00D12000 /* Products */ = {
			isa = PBXGroup;
			children = (
				810A1F042BC1048D00D12000 /* TranslationApp.app */,
			);
			name = Products;
			sourceTree = "<group>";
		};
		810A1F062BC1048D00D12000 /* TranslationApp */ = {
			isa = PBXGroup;
			children = (
				810A1F522BC1089B00D12000 /* NetworkManager.swift */,
				810A1F4E2BC107B300D12000 /* FirestoreManager.swift */,
				810A1F502BC107EE00D12000 /* Translation.swift */,
				810A1F072BC1048D00D12000 /* TranslationAppApp.swift */,
				810A1F092BC1048D00D12000 /* ContentView.swift */,
				810A1F542BC10C7600D12000 /* TranslationHistoryView.swift */,
				810A1F4C2BC1069200D12000 /* GoogleService-Info.plist */,
				810A1F0B2BC1048E00D12000 /* Assets.xcassets */,
				810A1F0D2BC1048E00D12000 /* Preview Content */,
			);
			path = TranslationApp;
			sourceTree = "<group>";
		};
		810A1F0D2BC1048E00D12000 /* Preview Content */ = {
			isa = PBXGroup;
			children = (
				810A1F0E2BC1048E00D12000 /* Preview Assets.xcassets */,
			);
			path = "Preview Content";
			sourceTree = "<group>";
		};
/* End PBXGroup section */

/* Begin PBXNativeTarget section */
		810A1F032BC1048D00D12000 /* TranslationApp */ = {
			isa = PBXNativeTarget;
			buildConfigurationList = 810A1F122BC1048E00D12000 /* Build configuration list for PBXNativeTarget "TranslationApp" */;
			buildPhases = (
				810A1F002BC1048D00D12000 /* Sources */,
				810A1F012BC1048D00D12000 /* Frameworks */,
				810A1F022BC1048D00D12000 /* Resources */,
			);
			buildRules = (
			);
			dependencies = (
			);
			name = TranslationApp;
			packageProductDependencies = (
				810A1F162BC105A800D12000 /* FirebaseAnalytics */,
				810A1F182BC105A800D12000 /* FirebaseAnalyticsOnDeviceConversion */,
				810A1F1A2BC105A800D12000 /* FirebaseAnalyticsSwift */,
				810A1F1C2BC105A800D12000 /* FirebaseAnalyticsWithoutAdIdSupport */,
				810A1F1E2BC105A800D12000 /* FirebaseAppCheck */,
				810A1F202BC105A800D12000 /* FirebaseAppDistribution-Beta */,
				810A1F222BC105A800D12000 /* FirebaseAuth */,
				810A1F242BC105A800D12000 /* FirebaseAuthCombine-Community */,
				810A1F262BC105A800D12000 /* FirebaseCrashlytics */,
				810A1F282BC105A800D12000 /* FirebaseDatabase */,
				810A1F2A2BC105A800D12000 /* FirebaseDatabaseSwift */,
				810A1F2C2BC105A800D12000 /* FirebaseDynamicLinks */,
				810A1F2E2BC105A800D12000 /* FirebaseFirestore */,
				810A1F302BC105A800D12000 /* FirebaseFirestoreCombine-Community */,
				810A1F322BC105A800D12000 /* FirebaseFirestoreSwift */,
				810A1F342BC105A800D12000 /* FirebaseFunctions */,
				810A1F362BC105A800D12000 /* FirebaseFunctionsCombine-Community */,
				810A1F382BC105A800D12000 /* FirebaseInAppMessaging-Beta */,
				810A1F3A2BC105A800D12000 /* FirebaseInAppMessagingSwift-Beta */,
				810A1F3C2BC105A800D12000 /* FirebaseInstallations */,
				810A1F3E2BC105A800D12000 /* FirebaseMLModelDownloader */,
				810A1F402BC105A800D12000 /* FirebaseMessaging */,
				810A1F422BC105A800D12000 /* FirebasePerformance */,
				810A1F442BC105A800D12000 /* FirebaseRemoteConfig */,
				810A1F462BC105A800D12000 /* FirebaseRemoteConfigSwift */,
				810A1F482BC105A800D12000 /* FirebaseStorage */,
				810A1F4A2BC105A800D12000 /* FirebaseStorageCombine-Community */,
			);
			productName = TranslationApp;
			productReference = 810A1F042BC1048D00D12000 /* TranslationApp.app */;
			productType = "com.apple.product-type.application";
		};
/* End PBXNativeTarget section */

/* Begin PBXProject section */
		810A1EFC2BC1048D00D12000 /* Project object */ = {
			isa = PBXProject;
			attributes = {
				BuildIndependentTargetsInParallel = 1;
				LastSwiftUpdateCheck = 1530;
				LastUpgradeCheck = 1530;
				TargetAttributes = {
					810A1F032BC1048D00D12000 = {
						CreatedOnToolsVersion = 15.3;
					};
				};
			};
			buildConfigurationList = 810A1EFF2BC1048D00D12000 /* Build configuration list for PBXProject "TranslationApp" */;
			compatibilityVersion = "Xcode 14.0";
			developmentRegion = en;
			hasScannedForEncodings = 0;
			knownRegions = (
				en,
				Base,
			);
			mainGroup = 810A1EFB2BC1048D00D12000;
			packageReferences = (
				810A1F152BC105A800D12000 /* XCRemoteSwiftPackageReference "firebase-ios-sdk" */,
			);
			productRefGroup = 810A1F052BC1048D00D12000 /* Products */;
			projectDirPath = "";
			projectRoot = "";
			targets = (
				810A1F032BC1048D00D12000 /* TranslationApp */,
			);
		};
/* End PBXProject section */

/* Begin PBXResourcesBuildPhase section */
		810A1F022BC1048D00D12000 /* Resources */ = {
			isa = PBXResourcesBuildPhase;
			buildActionMask = 2147483647;
			files = (
				810A1F0F2BC1048E00D12000 /* Preview Assets.xcassets in Resources */,
				810A1F0C2BC1048E00D12000 /* Assets.xcassets in Resources */,
				810A1F4D2BC1069300D12000 /* GoogleService-Info.plist in Resources */,
			);
			runOnlyForDeploymentPostprocessing = 0;
		};
/* End PBXResourcesBuildPhase section */

/* Begin PBXSourcesBuildPhase section */
		810A1F002BC1048D00D12000 /* Sources */ = {
			isa = PBXSourcesBuildPhase;
			buildActionMask = 2147483647;
			files = (
				810A1F0A2BC1048D00D12000 /* ContentView.swift in Sources */,
				810A1F552BC10C7600D12000 /* TranslationHistoryView.swift in Sources */,
				810A1F4F2BC107B300D12000 /* FirestoreManager.swift in Sources */,
				810A1F532BC1089B00D12000 /* NetworkManager.swift in Sources */,
				810A1F082BC1048D00D12000 /* TranslationAppApp.swift in Sources */,
				810A1F512BC107EE00D12000 /* Translation.swift in Sources */,
			);
			runOnlyForDeploymentPostprocessing = 0;
		};
/* End PBXSourcesBuildPhase section */

/* Begin XCBuildConfiguration section */
		810A1F102BC1048E00D12000 /* Debug */ = {
			isa = XCBuildConfiguration;
			buildSettings = {
				ALWAYS_SEARCH_USER_PATHS = NO;
				ASSETCATALOG_COMPILER_GENERATE_SWIFT_ASSET_SYMBOL_EXTENSIONS = YES;
				CLANG_ANALYZER_NONNULL = YES;
				CLANG_ANALYZER_NUMBER_OBJECT_CONVERSION = YES_AGGRESSIVE;
				CLANG_CXX_LANGUAGE_STANDARD = "gnu++20";
				CLANG_ENABLE_MODULES = YES;
				CLANG_ENABLE_OBJC_ARC = YES;
				CLANG_ENABLE_OBJC_WEAK = YES;
				CLANG_WARN_BLOCK_CAPTURE_AUTORELEASING = YES;
				CLANG_WARN_BOOL_CONVERSION = YES;
				CLANG_WARN_COMMA = YES;
				CLANG_WARN_CONSTANT_CONVERSION = YES;
				CLANG_WARN_DEPRECATED_OBJC_IMPLEMENTATIONS = YES;
				CLANG_WARN_DIRECT_OBJC_ISA_USAGE = YES_ERROR;
				CLANG_WARN_DOCUMENTATION_COMMENTS = YES;
				CLANG_WARN_EMPTY_BODY = YES;
				CLANG_WARN_ENUM_CONVERSION = YES;
				CLANG_WARN_INFINITE_RECURSION = YES;
				CLANG_WARN_INT_CONVERSION = YES;
				CLANG_WARN_NON_LITERAL_NULL_CONVERSION = YES;
				CLANG_WARN_OBJC_IMPLICIT_RETAIN_SELF = YES;
				CLANG_WARN_OBJC_LITERAL_CONVERSION = YES;
				CLANG_WARN_OBJC_ROOT_CLASS = YES_ERROR;
				CLANG_WARN_QUOTED_INCLUDE_IN_FRAMEWORK_HEADER = YES;
				CLANG_WARN_RANGE_LOOP_ANALYSIS = YES;
				CLANG_WARN_STRICT_PROTOTYPES = YES;
				CLANG_WARN_SUSPICIOUS_MOVE = YES;
				CLANG_WARN_UNGUARDED_AVAILABILITY = YES_AGGRESSIVE;
				CLANG_WARN_UNREACHABLE_CODE = YES;
				CLANG_WARN__DUPLICATE_METHOD_MATCH = YES;
				COPY_PHASE_STRIP = NO;
				DEBUG_INFORMATION_FORMAT = dwarf;
				ENABLE_STRICT_OBJC_MSGSEND = YES;
				ENABLE_TESTABILITY = YES;
				ENABLE_USER_SCRIPT_SANDBOXING = YES;
				GCC_C_LANGUAGE_STANDARD = gnu17;
				GCC_DYNAMIC_NO_PIC = NO;
				GCC_NO_COMMON_BLOCKS = YES;
				GCC_OPTIMIZATION_LEVEL = 0;
				GCC_PREPROCESSOR_DEFINITIONS = (
					"DEBUG=1",
					"$(inherited)",
				);
				GCC_WARN_64_TO_32_BIT_CONVERSION = YES;
				GCC_WARN_ABOUT_RETURN_TYPE = YES_ERROR;
				GCC_WARN_UNDECLARED_SELECTOR = YES;
				GCC_WARN_UNINITIALIZED_AUTOS = YES_AGGRESSIVE;
				GCC_WARN_UNUSED_FUNCTION = YES;
				GCC_WARN_UNUSED_VARIABLE = YES;
				IPHONEOS_DEPLOYMENT_TARGET = 17.4;
				LOCALIZATION_PREFERS_STRING_CATALOGS = YES;
				MTL_ENABLE_DEBUG_INFO = INCLUDE_SOURCE;
				MTL_FAST_MATH = YES;
				ONLY_ACTIVE_ARCH = YES;
				SDKROOT = iphoneos;
				SWIFT_ACTIVE_COMPILATION_CONDITIONS = "DEBUG $(inherited)";
				SWIFT_OPTIMIZATION_LEVEL = "-Onone";
			};
			name = Debug;
		};
		810A1F112BC1048E00D12000 /* Release */ = {
			isa = XCBuildConfiguration;
			buildSettings = {
				ALWAYS_SEARCH_USER_PATHS = NO;
				ASSETCATALOG_COMPILER_GENERATE_SWIFT_ASSET_SYMBOL_EXTENSIONS = YES;
				CLANG_ANALYZER_NONNULL = YES;
				CLANG_ANALYZER_NUMBER_OBJECT_CONVERSION = YES_AGGRESSIVE;
				CLANG_CXX_LANGUAGE_STANDARD = "gnu++20";
				CLANG_ENABLE_MODULES = YES;
				CLANG_ENABLE_OBJC_ARC = YES;
				CLANG_ENABLE_OBJC_WEAK = YES;
				CLANG_WARN_BLOCK_CAPTURE_AUTORELEASING = YES;
				CLANG_WARN_BOOL_CONVERSION = YES;
				CLANG_WARN_COMMA = YES;
				CLANG_WARN_CONSTANT_CONVERSION = YES;
				CLANG_WARN_DEPRECATED_OBJC_IMPLEMENTATIONS = YES;
				CLANG_WARN_DIRECT_OBJC_ISA_USAGE = YES_ERROR;
				CLANG_WARN_DOCUMENTATION_COMMENTS = YES;
				CLANG_WARN_EMPTY_BODY = YES;
				CLANG_WARN_ENUM_CONVERSION = YES;
				CLANG_WARN_INFINITE_RECURSION = YES;
				CLANG_WARN_INT_CONVERSION = YES;
				CLANG_WARN_NON_LITERAL_NULL_CONVERSION = YES;
				CLANG_WARN_OBJC_IMPLICIT_RETAIN_SELF = YES;
				CLANG_WARN_OBJC_LITERAL_CONVERSION = YES;
				CLANG_WARN_OBJC_ROOT_CLASS = YES_ERROR;
				CLANG_WARN_QUOTED_INCLUDE_IN_FRAMEWORK_HEADER = YES;
				CLANG_WARN_RANGE_LOOP_ANALYSIS = YES;
				CLANG_WARN_STRICT_PROTOTYPES = YES;
				CLANG_WARN_SUSPICIOUS_MOVE = YES;
				CLANG_WARN_UNGUARDED_AVAILABILITY = YES_AGGRESSIVE;
				CLANG_WARN_UNREACHABLE_CODE = YES;
				CLANG_WARN__DUPLICATE_METHOD_MATCH = YES;
				COPY_PHASE_STRIP = NO;
				DEBUG_INFORMATION_FORMAT = "dwarf-with-dsym";
				ENABLE_NS_ASSERTIONS = NO;
				ENABLE_STRICT_OBJC_MSGSEND = YES;
				ENABLE_USER_SCRIPT_SANDBOXING = YES;
				GCC_C_LANGUAGE_STANDARD = gnu17;
				GCC_NO_COMMON_BLOCKS = YES;
				GCC_WARN_64_TO_32_BIT_CONVERSION = YES;
				GCC_WARN_ABOUT_RETURN_TYPE = YES_ERROR;
				GCC_WARN_UNDECLARED_SELECTOR = YES;
				GCC_WARN_UNINITIALIZED_AUTOS = YES_AGGRESSIVE;
				GCC_WARN_UNUSED_FUNCTION = YES;
				GCC_WARN_UNUSED_VARIABLE = YES;
				IPHONEOS_DEPLOYMENT_TARGET = 17.4;
				LOCALIZATION_PREFERS_STRING_CATALOGS = YES;
				MTL_ENABLE_DEBUG_INFO = NO;
				MTL_FAST_MATH = YES;
				SDKROOT = iphoneos;
				SWIFT_COMPILATION_MODE = wholemodule;
				VALIDATE_PRODUCT = YES;
			};
			name = Release;
		};
		810A1F132BC1048E00D12000 /* Debug */ = {
			isa = XCBuildConfiguration;
			buildSettings = {
				ASSETCATALOG_COMPILER_APPICON_NAME = AppIcon;
				ASSETCATALOG_COMPILER_GLOBAL_ACCENT_COLOR_NAME = AccentColor;
				CODE_SIGN_STYLE = Automatic;
				CURRENT_PROJECT_VERSION = 1;
				DEVELOPMENT_ASSET_PATHS = "\"TranslationApp/Preview Content\"";
				DEVELOPMENT_TEAM = 7QB7LDWNJC;
				ENABLE_PREVIEWS = YES;
				GENERATE_INFOPLIST_FILE = YES;
				INFOPLIST_KEY_UIApplicationSceneManifest_Generation = YES;
				INFOPLIST_KEY_UIApplicationSupportsIndirectInputEvents = YES;
				INFOPLIST_KEY_UILaunchScreen_Generation = YES;
				INFOPLIST_KEY_UISupportedInterfaceOrientations_iPad = "UIInterfaceOrientationPortrait UIInterfaceOrientationPortraitUpsideDown UIInterfaceOrientationLandscapeLeft UIInterfaceOrientationLandscapeRight";
				INFOPLIST_KEY_UISupportedInterfaceOrientations_iPhone = "UIInterfaceOrientationPortrait UIInterfaceOrientationLandscapeLeft UIInterfaceOrientationLandscapeRight";
				LD_RUNPATH_SEARCH_PATHS = (
					"$(inherited)",
					"@executable_path/Frameworks",
				);
				MARKETING_VERSION = 1.0;
				PRODUCT_BUNDLE_IDENTIFIER = na.TranslationApp;
				PRODUCT_NAME = "$(TARGET_NAME)";
				SWIFT_EMIT_LOC_STRINGS = YES;
				SWIFT_VERSION = 5.0;
				TARGETED_DEVICE_FAMILY = "1,2";
			};
			name = Debug;
		};
		810A1F142BC1048E00D12000 /* Release */ = {
			isa = XCBuildConfiguration;
			buildSettings = {
				ASSETCATALOG_COMPILER_APPICON_NAME = AppIcon;
				ASSETCATALOG_COMPILER_GLOBAL_ACCENT_COLOR_NAME = AccentColor;
				CODE_SIGN_STYLE = Automatic;
				CURRENT_PROJECT_VERSION = 1;
				DEVELOPMENT_ASSET_PATHS = "\"TranslationApp/Preview Content\"";
				DEVELOPMENT_TEAM = 7QB7LDWNJC;
				ENABLE_PREVIEWS = YES;
				GENERATE_INFOPLIST_FILE = YES;
				INFOPLIST_KEY_UIApplicationSceneManifest_Generation = YES;
				INFOPLIST_KEY_UIApplicationSupportsIndirectInputEvents = YES;
				INFOPLIST_KEY_UILaunchScreen_Generation = YES;
				INFOPLIST_KEY_UISupportedInterfaceOrientations_iPad = "UIInterfaceOrientationPortrait UIInterfaceOrientationPortraitUpsideDown UIInterfaceOrientationLandscapeLeft UIInterfaceOrientationLandscapeRight";
				INFOPLIST_KEY_UISupportedInterfaceOrientations_iPhone = "UIInterfaceOrientationPortrait UIInterfaceOrientationLandscapeLeft UIInterfaceOrientationLandscapeRight";
				LD_RUNPATH_SEARCH_PATHS = (
					"$(inherited)",
					"@executable_path/Frameworks",
				);
				MARKETING_VERSION = 1.0;
				PRODUCT_BUNDLE_IDENTIFIER = na.TranslationApp;
				PRODUCT_NAME = "$(TARGET_NAME)";
				SWIFT_EMIT_LOC_STRINGS = YES;
				SWIFT_VERSION = 5.0;
				TARGETED_DEVICE_FAMILY = "1,2";
			};
			name = Release;
		};
/* End XCBuildConfiguration section */

/* Begin XCConfigurationList section */
		810A1EFF2BC1048D00D12000 /* Build configuration list for PBXProject "TranslationApp" */ = {
			isa = XCConfigurationList;
			buildConfigurations = (
				810A1F102BC1048E00D12000 /* Debug */,
				810A1F112BC1048E00D12000 /* Release */,
			);
			defaultConfigurationIsVisible = 0;
			defaultConfigurationName = Release;
		};
		810A1F122BC1048E00D12000 /* Build configuration list for PBXNativeTarget "TranslationApp" */ = {
			isa = XCConfigurationList;
			buildConfigurations = (
				810A1F132BC1048E00D12000 /* Debug */,
				810A1F142BC1048E00D12000 /* Release */,
			);
			defaultConfigurationIsVisible = 0;
			defaultConfigurationName = Release;
		};
/* End XCConfigurationList section */

/* Begin XCRemoteSwiftPackageReference section */
		810A1F152BC105A800D12000 /* XCRemoteSwiftPackageReference "firebase-ios-sdk" */ = {
			isa = XCRemoteSwiftPackageReference;
			repositoryURL = "https://github.com/firebase/firebase-ios-sdk";
			requirement = {
				kind = upToNextMajorVersion;
				minimumVersion = 10.23.1;
			};
		};
/* End XCRemoteSwiftPackageReference section */

/* Begin XCSwiftPackageProductDependency section */
		810A1F162BC105A800D12000 /* FirebaseAnalytics */ = {
			isa = XCSwiftPackageProductDependency;
			package = 810A1F152BC105A800D12000 /* XCRemoteSwiftPackageReference "firebase-ios-sdk" */;
			productName = FirebaseAnalytics;
		};
		810A1F182BC105A800D12000 /* FirebaseAnalyticsOnDeviceConversion */ = {
			isa = XCSwiftPackageProductDependency;
			package = 810A1F152BC105A800D12000 /* XCRemoteSwiftPackageReference "firebase-ios-sdk" */;
			productName = FirebaseAnalyticsOnDeviceConversion;
		};
		810A1F1A2BC105A800D12000 /* FirebaseAnalyticsSwift */ = {
			isa = XCSwiftPackageProductDependency;
			package = 810A1F152BC105A800D12000 /* XCRemoteSwiftPackageReference "firebase-ios-sdk" */;
			productName = FirebaseAnalyticsSwift;
		};
		810A1F1C2BC105A800D12000 /* FirebaseAnalyticsWithoutAdIdSupport */ = {
			isa = XCSwiftPackageProductDependency;
			package = 810A1F152BC105A800D12000 /* XCRemoteSwiftPackageReference "firebase-ios-sdk" */;
			productName = FirebaseAnalyticsWithoutAdIdSupport;
		};
		810A1F1E2BC105A800D12000 /* FirebaseAppCheck */ = {
			isa = XCSwiftPackageProductDependency;
			package = 810A1F152BC105A800D12000 /* XCRemoteSwiftPackageReference "firebase-ios-sdk" */;
			productName = FirebaseAppCheck;
		};
		810A1F202BC105A800D12000 /* FirebaseAppDistribution-Beta */ = {
			isa = XCSwiftPackageProductDependency;
			package = 810A1F152BC105A800D12000 /* XCRemoteSwiftPackageReference "firebase-ios-sdk" */;
			productName = "FirebaseAppDistribution-Beta";
		};
		810A1F222BC105A800D12000 /* FirebaseAuth */ = {
			isa = XCSwiftPackageProductDependency;
			package = 810A1F152BC105A800D12000 /* XCRemoteSwiftPackageReference "firebase-ios-sdk" */;
			productName = FirebaseAuth;
		};
		810A1F242BC105A800D12000 /* FirebaseAuthCombine-Community */ = {
			isa = XCSwiftPackageProductDependency;
			package = 810A1F152BC105A800D12000 /* XCRemoteSwiftPackageReference "firebase-ios-sdk" */;
			productName = "FirebaseAuthCombine-Community";
		};
		810A1F262BC105A800D12000 /* FirebaseCrashlytics */ = {
			isa = XCSwiftPackageProductDependency;
			package = 810A1F152BC105A800D12000 /* XCRemoteSwiftPackageReference "firebase-ios-sdk" */;
			productName = FirebaseCrashlytics;
		};
		810A1F282BC105A800D12000 /* FirebaseDatabase */ = {
			isa = XCSwiftPackageProductDependency;
			package = 810A1F152BC105A800D12000 /* XCRemoteSwiftPackageReference "firebase-ios-sdk" */;
			productName = FirebaseDatabase;
		};
		810A1F2A2BC105A800D12000 /* FirebaseDatabaseSwift */ = {
			isa = XCSwiftPackageProductDependency;
			package = 810A1F152BC105A800D12000 /* XCRemoteSwiftPackageReference "firebase-ios-sdk" */;
			productName = FirebaseDatabaseSwift;
		};
		810A1F2C2BC105A800D12000 /* FirebaseDynamicLinks */ = {
			isa = XCSwiftPackageProductDependency;
			package = 810A1F152BC105A800D12000 /* XCRemoteSwiftPackageReference "firebase-ios-sdk" */;
			productName = FirebaseDynamicLinks;
		};
		810A1F2E2BC105A800D12000 /* FirebaseFirestore */ = {
			isa = XCSwiftPackageProductDependency;
			package = 810A1F152BC105A800D12000 /* XCRemoteSwiftPackageReference "firebase-ios-sdk" */;
			productName = FirebaseFirestore;
		};
		810A1F302BC105A800D12000 /* FirebaseFirestoreCombine-Community */ = {
			isa = XCSwiftPackageProductDependency;
			package = 810A1F152BC105A800D12000 /* XCRemoteSwiftPackageReference "firebase-ios-sdk" */;
			productName = "FirebaseFirestoreCombine-Community";
		};
		810A1F322BC105A800D12000 /* FirebaseFirestoreSwift */ = {
			isa = XCSwiftPackageProductDependency;
			package = 810A1F152BC105A800D12000 /* XCRemoteSwiftPackageReference "firebase-ios-sdk" */;
			productName = FirebaseFirestoreSwift;
		};
		810A1F342BC105A800D12000 /* FirebaseFunctions */ = {
			isa = XCSwiftPackageProductDependency;
			package = 810A1F152BC105A800D12000 /* XCRemoteSwiftPackageReference "firebase-ios-sdk" */;
			productName = FirebaseFunctions;
		};
		810A1F362BC105A800D12000 /* FirebaseFunctionsCombine-Community */ = {
			isa = XCSwiftPackageProductDependency;
			package = 810A1F152BC105A800D12000 /* XCRemoteSwiftPackageReference "firebase-ios-sdk" */;
			productName = "FirebaseFunctionsCombine-Community";
		};
		810A1F382BC105A800D12000 /* FirebaseInAppMessaging-Beta */ = {
			isa = XCSwiftPackageProductDependency;
			package = 810A1F152BC105A800D12000 /* XCRemoteSwiftPackageReference "firebase-ios-sdk" */;
			productName = "FirebaseInAppMessaging-Beta";
		};
		810A1F3A2BC105A800D12000 /* FirebaseInAppMessagingSwift-Beta */ = {
			isa = XCSwiftPackageProductDependency;
			package = 810A1F152BC105A800D12000 /* XCRemoteSwiftPackageReference "firebase-ios-sdk" */;
			productName = "FirebaseInAppMessagingSwift-Beta";
		};
		810A1F3C2BC105A800D12000 /* FirebaseInstallations */ = {
			isa = XCSwiftPackageProductDependency;
			package = 810A1F152BC105A800D12000 /* XCRemoteSwiftPackageReference "firebase-ios-sdk" */;
			productName = FirebaseInstallations;
		};
		810A1F3E2BC105A800D12000 /* FirebaseMLModelDownloader */ = {
			isa = XCSwiftPackageProductDependency;
			package = 810A1F152BC105A800D12000 /* XCRemoteSwiftPackageReference "firebase-ios-sdk" */;
			productName = FirebaseMLModelDownloader;
		};
		810A1F402BC105A800D12000 /* FirebaseMessaging */ = {
			isa = XCSwiftPackageProductDependency;
			package = 810A1F152BC105A800D12000 /* XCRemoteSwiftPackageReference "firebase-ios-sdk" */;
			productName = FirebaseMessaging;
		};
		810A1F422BC105A800D12000 /* FirebasePerformance */ = {
			isa = XCSwiftPackageProductDependency;
			package = 810A1F152BC105A800D12000 /* XCRemoteSwiftPackageReference "firebase-ios-sdk" */;
			productName = FirebasePerformance;
		};
		810A1F442BC105A800D12000 /* FirebaseRemoteConfig */ = {
			isa = XCSwiftPackageProductDependency;
			package = 810A1F152BC105A800D12000 /* XCRemoteSwiftPackageReference "firebase-ios-sdk" */;
			productName = FirebaseRemoteConfig;
		};
		810A1F462BC105A800D12000 /* FirebaseRemoteConfigSwift */ = {
			isa = XCSwiftPackageProductDependency;
			package = 810A1F152BC105A800D12000 /* XCRemoteSwiftPackageReference "firebase-ios-sdk" */;
			productName = FirebaseRemoteConfigSwift;
		};
		810A1F482BC105A800D12000 /* FirebaseStorage */ = {
			isa = XCSwiftPackageProductDependency;
			package = 810A1F152BC105A800D12000 /* XCRemoteSwiftPackageReference "firebase-ios-sdk" */;
			productName = FirebaseStorage;
		};
		810A1F4A2BC105A800D12000 /* FirebaseStorageCombine-Community */ = {
			isa = XCSwiftPackageProductDependency;
			package = 810A1F152BC105A800D12000 /* XCRemoteSwiftPackageReference "firebase-ios-sdk" */;
			productName = "FirebaseStorageCombine-Community";
		};
/* End XCSwiftPackageProductDependency section */
	};
	rootObject = 810A1EFC2BC1048D00D12000 /* Project object */;
}
